
Microsoft Visual Studio Solution File, Format Version 12.00
# Visual Studio Version 17
VisualStudioVersion = 17.11.35327.3
MinimumVisualStudioVersion = 10.0.40219.1
Project("{FAE04EC0-301F-11D3-BF4B-00C04F79EFBC}") = "ejercicioTelegrama", "ejercicioTelegrama\ejercicioTelegrama.csproj", "{413144FA-262C-4ED7-9293-6C16AD0B5D5D}"
EndProject
Global
	GlobalSection(SolutionConfigurationPlatforms) = preSolution
		Debug|Any CPU = Debug|Any CPU
		Release|Any CPU = Release|Any CPU
	EndGlobalSection
	GlobalSection(ProjectConfigurationPlatforms) = postSolution
		{413144FA-262C-4ED7-9293-6C16AD0B5D5D}.Debug|Any CPU.ActiveCfg = Debug|Any CPU
		{413144FA-262C-4ED7-9293-6C16AD0B5D5D}.Debug|Any CPU.Build.0 = Debug|Any CPU
		{413144FA-262C-4ED7-9293-6C16AD0B5D5D}.Release|Any CPU.ActiveCfg = Release|Any CPU
		{413144FA-262C-4ED7-9293-6C16AD0B5D5D}.Release|Any CPU.Build.0 = Release|Any CPU
	EndGlobalSection
	GlobalSection(SolutionProperties) = preSolution
		HideSolutionNode = FALSE
	EndGlobalSection
	GlobalSection(ExtensibilityGlobals) = postSolution
		SolutionGuid = {5E7E647E-51DD-447B-8BDD-C0184977FB19}
	EndGlobalSection
EndGlobal
